Microsoft Visual Studio Solution File, Format Version 12.00
# Visual Studio Version 17
VisualStudioVersion = 17.5.002.0
MinimumVisualStudioVersion = 10.0.40219.1
Project("{2150E333-8FDC-42A3-9474-1A3956D46DE8}") = "csharp-prep", "csharp-prep", "{5F3FF35B-5873-4197-9264-EB6F6BD2A3D1}"
EndProject
Project("{9A19103F-16F7-4668-BE54-9A1E7A4F7556}") = "Prep1", "csharp-prep\Prep1\Prep1.csproj", "{D4335B50-6FD0-48B6-BF9B-B0E807C5A3CC}"
EndProject
Project("{9A19103F-16F7-4668-BE54-9A1E7A4F7556}") = "Prep2", "csharp-prep\Prep2\Prep2.csproj", "{31EF215D-91D4-472C-A7B8-1A70DCBCECDF}"
EndProject
Project("{9A19103F-16F7-4668-BE54-9A1E7A4F7556}") = "Prep3", "csharp-prep\Prep3\Prep3.csproj", "{CDD368F6-0E05-4B5D-8BD3-231FA51584AD}"
EndProject
Project("{9A19103F-16F7-4668-BE54-9A1E7A4F7556}") = "Prep4", "csharp-prep\Prep4\Prep4.csproj", "{CE5A7A9A-36BC-4ED8-A5FC-0518080CE3FD}"
EndProject
Project("{9A19103F-16F7-4668-BE54-9A1E7A4F7556}") = "Prep5", "csharp-prep\Prep5\Prep5.csproj", "{CD1032DE-E505-452F-A374-7E2D8584FFFE}"
EndProject
Project("{2150E333-8FDC-42A3-9474-1A3956D46DE8}") = "final", "final", "{1DF89D6F-3D7F-4D6A-8BED-9E4B59387A09}"
EndProject
Project("{9A19103F-16F7-4668-BE54-9A1E7A4F7556}") = "FinalProject", "final\FinalProject\FinalProject.csproj", "{F63B470E-68FE-4BDF-846B-DE019EE21A5A}"
EndProject
Project("{9A19103F-16F7-4668-BE54-9A1E7A4F7556}") = "Foundation1", "final\Foundation1\Foundation1.csproj", "{2122FA8E-CB14-423F-A8A0-5107CD453024}"
EndProject
Project("{9A19103F-16F7-4668-BE54-9A1E7A4F7556}") = "Foundation2", "final\Foundation2\Foundation2.csproj", "{DD5D400E-AE0D-4FB6-B2D6-F7617B5FABAB}"
EndProject
Project("{9A19103F-16F7-4668-BE54-9A1E7A4F7556}") = "Foundation3", "final\Foundation3\Foundation3.csproj", "{7E4E0093-585C-4082-A6DB-D9B5723C4186}"
EndProject
Project("{9A19103F-16F7-4668-BE54-9A1E7A4F7556}") = "Foundation4", "final\Foundation4\Foundation4.csproj", "{5C213238-3222-4DF5-99DE-69F3D0102981}"
EndProject
Project("{2150E333-8FDC-42A3-9474-1A3956D46DE8}") = "prepare", "prepare", "{1301070B-3A16-4B21-814D-6E33FD82A2B8}"
EndProject
Project("{9A19103F-16F7-4668-BE54-9A1E7A4F7556}") = "Learning02", "prepare\Learning02\Learning02.csproj", "{E0A052F0-6405-430A-80F0-7B24EE02BD4F}"
EndProject
Project("{9A19103F-16F7-4668-BE54-9A1E7A4F7556}") = "Learning03", "prepare\Learning03\Learning03.csproj", "{A05467FB-AF24-46C1-B023-32A4044F3AFC}"
EndProject
Project("{9A19103F-16F7-4668-BE54-9A1E7A4F7556}") = "Learning04", "prepare\Learning04\Learning04.csproj", "{D410F451-DF26-4F2A-892B-4A38CA9D5535}"
EndProject
Project("{9A19103F-16F7-4668-BE54-9A1E7A4F7556}") = "Learning05", "prepare\Learning05\Learning05.csproj", "{7189D6DB-60B7-43AF-9867-D09B5E59AD54}"
EndProject
Project("{2150E333-8FDC-42A3-9474-1A3956D46DE8}") = "prove", "prove", "{0E3B1F35-7A08-4444-BDA4-E109FD6C382A}"
EndProject
Project("{9A19103F-16F7-4668-BE54-9A1E7A4F7556}") = "Develop02", "prove\Develop02\Develop02.csproj", "{F17479F8-9E40-402E-9B46-AA67A8977726}"
EndProject
Project("{9A19103F-16F7-4668-BE54-9A1E7A4F7556}") = "Develop03", "prove\Develop03\Develop03.csproj", "{07150867-306A-43FE-A30B-C6B6CD4938F0}"
EndProject
Project("{9A19103F-16F7-4668-BE54-9A1E7A4F7556}") = "Develop04", "prove\Develop04\Develop04.csproj", "{28DAE6A1-FE4D-4DEB-90FD-EEA7E57F67FC}"
EndProject
Project("{9A19103F-16F7-4668-BE54-9A1E7A4F7556}") = "Develop05", "prove\Develop05\Develop05.csproj", "{4B3E89CF-8E63-4DC2-821C-53C060FCE94A}"
EndProject
Project("{2150E333-8FDC-42A3-9474-1A3956D46DE8}") = "sandbox", "sandbox", "{8A9C6368-4E4D-440B-B19A-7E2C71B03858}"
EndProject
Project("{9A19103F-16F7-4668-BE54-9A1E7A4F7556}") = "Sandbox", "sandbox\Sandbox\Sandbox.csproj", "{415C8993-0EC4-405E-A71D-4BD02D47254E}"
EndProject
Global
	GlobalSection(SolutionConfigurationPlatforms) = preSolution
		Debug|Any CPU = Debug|Any CPU
		Release|Any CPU = Release|Any CPU
	EndGlobalSection
	GlobalSection(ProjectConfigurationPlatforms) = postSolution
		{D4335B50-6FD0-48B6-BF9B-B0E807C5A3CC}.Debug|Any CPU.ActiveCfg = Debug|Any CPU
		{D4335B50-6FD0-48B6-BF9B-B0E807C5A3CC}.Debug|Any CPU.Build.0 = Debug|Any CPU
		{D4335B50-6FD0-48B6-BF9B-B0E807C5A3CC}.Release|Any CPU.ActiveCfg = Release|Any CPU
		{D4335B50-6FD0-48B6-BF9B-B0E807C5A3CC}.Release|Any CPU.Build.0 = Release|Any CPU
		{31EF215D-91D4-472C-A7B8-1A70DCBCECDF}.Debug|Any CPU.ActiveCfg = Debug|Any CPU
		{31EF215D-91D4-472C-A7B8-1A70DCBCECDF}.Debug|Any CPU.Build.0 = Debug|Any CPU
		{31EF215D-91D4-472C-A7B8-1A70DCBCECDF}.Release|Any CPU.ActiveCfg = Release|Any CPU
		{31EF215D-91D4-472C-A7B8-1A70DCBCECDF}.Release|Any CPU.Build.0 = Release|Any CPU
		{CDD368F6-0E05-4B5D-8BD3-231FA51584AD}.Debug|Any CPU.ActiveCfg = Debug|Any CPU
		{CDD368F6-0E05-4B5D-8BD3-231FA51584AD}.Debug|Any CPU.Build.0 = Debug|Any CPU
		{CDD368F6-0E05-4B5D-8BD3-231FA51584AD}.Release|Any CPU.ActiveCfg = Release|Any CPU
		{CDD368F6-0E05-4B5D-8BD3-231FA51584AD}.Release|Any CPU.Build.0 = Release|Any CPU
		{CE5A7A9A-36BC-4ED8-A5FC-0518080CE3FD}.Debug|Any CPU.ActiveCfg = Debug|Any CPU
		{CE5A7A9A-36BC-4ED8-A5FC-0518080CE3FD}.Debug|Any CPU.Build.0 = Debug|Any CPU
		{CE5A7A9A-36BC-4ED8-A5FC-0518080CE3FD}.Release|Any CPU.ActiveCfg = Release|Any CPU
		{CE5A7A9A-36BC-4ED8-A5FC-0518080CE3FD}.Release|Any CPU.Build.0 = Release|Any CPU
		{CD1032DE-E505-452F-A374-7E2D8584FFFE}.Debug|Any CPU.ActiveCfg = Debug|Any CPU
		{CD1032DE-E505-452F-A374-7E2D8584FFFE}.Debug|Any CPU.Build.0 = Debug|Any CPU
		{CD1032DE-E505-452F-A374-7E2D8584FFFE}.Release|Any CPU.ActiveCfg = Release|Any CPU
		{CD1032DE-E505-452F-A374-7E2D8584FFFE}.Release|Any CPU.Build.0 = Release|Any CPU
		{F63B470E-68FE-4BDF-846B-DE019EE21A5A}.Debug|Any CPU.ActiveCfg = Debug|Any CPU
		{F63B470E-68FE-4BDF-846B-DE019EE21A5A}.Debug|Any CPU.Build.0 = Debug|Any CPU
		{F63B470E-68FE-4BDF-846B-DE019EE21A5A}.Release|Any CPU.ActiveCfg = Release|Any CPU
		{F63B470E-68FE-4BDF-846B-DE019EE21A5A}.Release|Any CPU.Build.0 = Release|Any CPU
		{2122FA8E-CB14-423F-A8A0-5107CD453024}.Debug|Any CPU.ActiveCfg = Debug|Any CPU
		{2122FA8E-CB14-423F-A8A0-5107CD453024}.Debug|Any CPU.Build.0 = Debug|Any CPU
		{2122FA8E-CB14-423F-A8A0-5107CD453024}.Release|Any CPU.ActiveCfg = Release|Any CPU
		{2122FA8E-CB14-423F-A8A0-5107CD453024}.Release|Any CPU.Build.0 = Release|Any CPU
		{DD5D400E-AE0D-4FB6-B2D6-F7617B5FABAB}.Debug|Any CPU.ActiveCfg = Debug|Any CPU
		{DD5D400E-AE0D-4FB6-B2D6-F7617B5FABAB}.Debug|Any CPU.Build.0 = Debug|Any CPU
		{DD5D400E-AE0D-4FB6-B2D6-F7617B5FABAB}.Release|Any CPU.ActiveCfg = Release|Any CPU
		{DD5D400E-AE0D-4FB6-B2D6-F7617B5FABAB}.Release|Any CPU.Build.0 = Release|Any CPU
		{7E4E0093-585C-4082-A6DB-D9B5723C4186}.Debug|Any CPU.ActiveCfg = Debug|Any CPU
		{7E4E0093-585C-4082-A6DB-D9B5723C4186}.Debug|Any CPU.Build.0 = Debug|Any CPU
		{7E4E0093-585C-4082-A6DB-D9B5723C4186}.Release|Any CPU.ActiveCfg = Release|Any CPU
		{7E4E0093-585C-4082-A6DB-D9B5723C4186}.Release|Any CPU.Build.0 = Release|Any CPU
		{5C213238-3222-4DF5-99DE-69F3D0102981}.Debug|Any CPU.ActiveCfg = Debug|Any CPU
		{5C213238-3222-4DF5-99DE-69F3D0102981}.Debug|Any CPU.Build.0 = Debug|Any CPU
		{5C213238-3222-4DF5-99DE-69F3D0102981}.Release|Any CPU.ActiveCfg = Release|Any CPU
		{5C213238-3222-4DF5-99DE-69F3D0102981}.Release|Any CPU.Build.0 = Release|Any CPU
		{E0A052F0-6405-430A-80F0-7B24EE02BD4F}.Debug|Any CPU.ActiveCfg = Debug|Any CPU
		{E0A052F0-6405-430A-80F0-7B24EE02BD4F}.Debug|Any CPU.Build.0 = Debug|Any CPU
		{E0A052F0-6405-430A-80F0-7B24EE02BD4F}.Release|Any CPU.ActiveCfg = Release|Any CPU
		{E0A052F0-6405-430A-80F0-7B24EE02BD4F}.Release|Any CPU.Build.0 = Release|Any CPU
		{A05467FB-AF24-46C1-B023-32A4044F3AFC}.Debug|Any CPU.ActiveCfg = Debug|Any CPU
		{A05467FB-AF24-46C1-B023-32A4044F3AFC}.Debug|Any CPU.Build.0 = Debug|Any CPU
		{A05467FB-AF24-46C1-B023-32A4044F3AFC}.Release|Any CPU.ActiveCfg = Release|Any CPU
		{A05467FB-AF24-46C1-B023-32A4044F3AFC}.Release|Any CPU.Build.0 = Release|Any CPU
		{D410F451-DF26-4F2A-892B-4A38CA9D5535}.Debug|Any CPU.ActiveCfg = Debug|Any CPU
		{D410F451-DF26-4F2A-892B-4A38CA9D5535}.Debug|Any CPU.Build.0 = Debug|Any CPU
		{D410F451-DF26-4F2A-892B-4A38CA9D5535}.Release|Any CPU.ActiveCfg = Release|Any CPU
		{D410F451-DF26-4F2A-892B-4A38CA9D5535}.Release|Any CPU.Build.0 = Release|Any CPU
		{7189D6DB-60B7-43AF-9867-D09B5E59AD54}.Debug|Any CPU.ActiveCfg = Debug|Any CPU
		{7189D6DB-60B7-43AF-9867-D09B5E59AD54}.Debug|Any CPU.Build.0 = Debug|Any CPU
		{7189D6DB-60B7-43AF-9867-D09B5E59AD54}.Release|Any CPU.ActiveCfg = Release|Any CPU
		{7189D6DB-60B7-43AF-9867-D09B5E59AD54}.Release|Any CPU.Build.0 = Release|Any CPU
		{F17479F8-9E40-402E-9B46-AA67A8977726}.Debug|Any CPU.ActiveCfg = Debug|Any CPU
		{F17479F8-9E40-402E-9B46-AA67A8977726}.Debug|Any CPU.Build.0 = Debug|Any CPU
		{F17479F8-9E40-402E-9B46-AA67A8977726}.Release|Any CPU.ActiveCfg = Release|Any CPU
		{F17479F8-9E40-402E-9B46-AA67A8977726}.Release|Any CPU.Build.0 = Release|Any CPU
		{07150867-306A-43FE-A30B-C6B6CD4938F0}.Debug|Any CPU.ActiveCfg = Debug|Any CPU
		{07150867-306A-43FE-A30B-C6B6CD4938F0}.Debug|Any CPU.Build.0 = Debug|Any CPU
		{07150867-306A-43FE-A30B-C6B6CD4938F0}.Release|Any CPU.ActiveCfg = Release|Any CPU
		{07150867-306A-43FE-A30B-C6B6CD4938F0}.Release|Any CPU.Build.0 = Release|Any CPU
		{28DAE6A1-FE4D-4DEB-90FD-EEA7E57F67FC}.Debug|Any CPU.ActiveCfg = Debug|Any CPU
		{28DAE6A1-FE4D-4DEB-90FD-EEA7E57F67FC}.Debug|Any CPU.Build.0 = Debug|Any CPU
		{28DAE6A1-FE4D-4DEB-90FD-EEA7E57F67FC}.Release|Any CPU.ActiveCfg = Release|Any CPU
		{28DAE6A1-FE4D-4DEB-90FD-EEA7E57F67FC}.Release|Any CPU.Build.0 = Release|Any CPU
		{4B3E89CF-8E63-4DC2-821C-53C060FCE94A}.Debug|Any CPU.ActiveCfg = Debug|Any CPU
		{4B3E89CF-8E63-4DC2-821C-53C060FCE94A}.Debug|Any CPU.Build.0 = Debug|Any CPU
		{4B3E89CF-8E63-4DC2-821C-53C060FCE94A}.Release|Any CPU.ActiveCfg = Release|Any CPU
		{4B3E89CF-8E63-4DC2-821C-53C060FCE94A}.Release|Any CPU.Build.0 = Release|Any CPU
		{415C8993-0EC4-405E-A71D-4BD02D47254E}.Debug|Any CPU.ActiveCfg = Debug|Any CPU
		{415C8993-0EC4-405E-A71D-4BD02D47254E}.Debug|Any CPU.Build.0 = Debug|Any CPU
		{415C8993-0EC4-405E-A71D-4BD02D47254E}.Release|Any CPU.ActiveCfg = Release|Any CPU
		{415C8993-0EC4-405E-A71D-4BD02D47254E}.Release|Any CPU.Build.0 = Release|Any CPU
	EndGlobalSection
	GlobalSection(SolutionProperties) = preSolution
		HideSolutionNode = FALSE
	EndGlobalSection
	GlobalSection(NestedProjects) = preSolution
		{D4335B50-6FD0-48B6-BF9B-B0E807C5A3CC} = {5F3FF35B-5873-4197-9264-EB6F6BD2A3D1}
		{31EF215D-91D4-472C-A7B8-1A70DCBCECDF} = {5F3FF35B-5873-4197-9264-EB6F6BD2A3D1}
		{CDD368F6-0E05-4B5D-8BD3-231FA51584AD} = {5F3FF35B-5873-4197-9264-EB6F6BD2A3D1}
		{CE5A7A9A-36BC-4ED8-A5FC-0518080CE3FD} = {5F3FF35B-5873-4197-9264-EB6F6BD2A3D1}
		{CD1032DE-E505-452F-A374-7E2D8584FFFE} = {5F3FF35B-5873-4197-9264-EB6F6BD2A3D1}
		{F63B470E-68FE-4BDF-846B-DE019EE21A5A} = {1DF89D6F-3D7F-4D6A-8BED-9E4B59387A09}
		{2122FA8E-CB14-423F-A8A0-5107CD453024} = {1DF89D6F-3D7F-4D6A-8BED-9E4B59387A09}
		{DD5D400E-AE0D-4FB6-B2D6-F7617B5FABAB} = {1DF89D6F-3D7F-4D6A-8BED-9E4B59387A09}
		{7E4E0093-585C-4082-A6DB-D9B5723C4186} = {1DF89D6F-3D7F-4D6A-8BED-9E4B59387A09}
		{5C213238-3222-4DF5-99DE-69F3D0102981} = {1DF89D6F-3D7F-4D6A-8BED-9E4B59387A09}
		{E0A052F0-6405-430A-80F0-7B24EE02BD4F} = {1301070B-3A16-4B21-814D-6E33FD82A2B8}
		{A05467FB-AF24-46C1-B023-32A4044F3AFC} = {1301070B-3A16-4B21-814D-6E33FD82A2B8}
		{D410F451-DF26-4F2A-892B-4A38CA9D5535} = {1301070B-3A16-4B21-814D-6E33FD82A2B8}
		{7189D6DB-60B7-43AF-9867-D09B5E59AD54} = {1301070B-3A16-4B21-814D-6E33FD82A2B8}
		{F17479F8-9E40-402E-9B46-AA67A8977726} = {0E3B1F35-7A08-4444-BDA4-E109FD6C382A}
		{07150867-306A-43FE-A30B-C6B6CD4938F0} = {0E3B1F35-7A08-4444-BDA4-E109FD6C382A}
		{28DAE6A1-FE4D-4DEB-90FD-EEA7E57F67FC} = {0E3B1F35-7A08-4444-BDA4-E109FD6C382A}
		{4B3E89CF-8E63-4DC2-821C-53C060FCE94A} = {0E3B1F35-7A08-4444-BDA4-E109FD6C382A}
		{415C8993-0EC4-405E-A71D-4BD02D47254E} = {8A9C6368-4E4D-440B-B19A-7E2C71B03858}
	EndGlobalSection
	GlobalSection(ExtensibilityGlobals) = postSolution
		SolutionGuid = {0A45F807-6530-4256-BB37-D644339310D5}
	EndGlobalSection
EndGlobal
